github.com/aws/aws-lambda-go v1.47.0 h1:0H8s0vumYx/YKs4sE7YM0ktwL2eWse+kfopsRI1sXVI=
github.com/aws/aws-lambda-go v1.47.0/go.mod h1:dpMpZgvWx5vuQJfBt0zqBha60q7Dd7RfgJv23DymV8A=
github.com/aws/aws-sdk-go-v2 v1.32.0 h1:GuHp7GvMN74PXD5C97KT5D87UhIy4bQPkflQKbfkndg=
github.com/aws/aws-sdk-go-v2 v1.32.0/go.mod h1:2SK5n0a2karNTv5tbP1SjsX0uhttou00v/HpXKM1ZUo=
github.com/aws/aws-sdk-go-v2/aws/protocol/eventstream v1.6.6 h1:pT3hpW0cOHRJx8Y0DfJUEQuqPild8jRGmSFmBgvydr0=
github.com/aws/aws-sdk-go-v2/aws/protocol/eventstream v1.6.6/go.mod h1:j/I2++U0xX+cr44QjHay4Cvxj6FUbnxrgmqN3H1jTZA=
github.com/aws/aws-sdk-go-v2/config v1.27.40 h1:sie4mPBGFOO+Z27+yHzvyN31G20h/bf2xb5mCbpLv2Q=
github.com/aws/aws-sdk-go-v2/config v1.27.40/go.mod h1:4KW7Aa5tNo+0VHnuLnnE1vPHtwMurlNZNS65IdcewHA=
github.com/aws/aws-sdk-go-v2/credentials v1.17.38 h1:iM90eRhCeZtlkzCNCG1JysOzJXGYf5rx80aD1lUgNDU=
github.com/aws/aws-sdk-go-v2/credentials v1.17.38/go.mod h1:TCVYPZeQuLaYNEkf/TVn6k5k/zdVZZ7xH9po548VNNg=
github.com/aws/aws-sdk-go-v2/feature/dynamodb/attributevalue v1.15.9 h1:Lu95fEezXH2rPkFP6iPBVcL5fmMJ9JHBmupSr17IgaI=
github.com/aws/aws-sdk-go-v2/feature/dynamodb/attributevalue v1.15.9/go.mod h1:+LdH68eyAe4aTbjXW0THSPMHlemNUju27YOtI3Odwr8=
github.com/aws/aws-sdk-go-v2/feature/ec2/imds v1.16.14 h1:C/d03NAmh8C4BZXhuRNboF/DqhBkBCeDiJDcaqIT5pA=
github.com/aws/aws-sdk-go-v2/feature/ec2/imds v1.16.14/go.mod h1:7I0Ju7p9mCIdlrfS+JCgqcYD0VXz/N4yozsox+0o078=
github.com/aws/aws-sdk-go-v2/internal/configsources v1.3.19 h1:Q/k5wCeJkSWs+62kDfOillkNIJ5NqmE3iOfm48g/W8c=
github.com/aws/aws-sdk-go-v2/internal/configsources v1.3.19/go.mod h1:Wns1C66VvtA2Bv/cUBuKZKQKdjo7EVMhp90aAa+8oTI=
github.com/aws/aws-sdk-go-v2/internal/endpoints/v2 v2.6.19 h1:AYLE0lUfKvN6icFTR/p+NmD1amYKTbqHQ1Nm+jwE6BM=
github.com/aws/aws-sdk-go-v2/internal/endpoints/v2 v2.6.19/go.mod h1:1giLakj64GjuH1NBzF/DXqly5DWHtMTaOzRZ53nFX0I=
github.com/aws/aws-sdk-go-v2/internal/ini v1.8.1 h1:VaRN3TlFdd6KxX1x3ILT5ynH6HvKgqdiXoTxAF4HQcQ=
github.com/aws/aws-sdk-go-v2/internal/ini v1.8.1/go.mod h1:FbtygfRFze9usAadmnGJNc8KsP346kEe+y2/oyhGAGc=
github.com/aws/aws-sdk-go-v2/internal/v4a v1.3.19 h1:FKdiFzTxlTRO71p0C7VrLbkkdW8qfMKF5+ej6bTmkT0=
github.com/aws/aws-sdk-go-v2/internal/v4a v1.3.19/go.mod h1:abO3pCj7WLQPTllnSeYImqFfkGrmJV0JovWo/gqT5N0=
github.com/aws/aws-sdk-go-v2/service/dynamodb v1.35.4 h1:W2rosR3B1RQb7Uy68AP3v034+ZBNDAhZ6sO+DXyBulI=
github.com/aws/aws-sdk-go-v2/service/dynamodb v1.35.4/go.mod h1:k5XW8MoMxsNZ20RJmsokakvENUwQyjv69R9GqrI4xdQ=
github.com/aws/aws-sdk-go-v2/service/dynamodbstreams v1.23.4 h1:V0R3pr1kCInKGnNk6yJ4FQdG14Xg2ZePNPtSMWWdrUI=
github.com/aws/aws-sdk-go-v2/service/dynamodbstreams v1.23.4/go.mod h1:NZQWaOwOszI7jnQ7s1i5kN/FUAglaaJIm2htZG7BJKw=
github.com/aws/aws-sdk-go-v2/service/internal/accept-encoding v1.12.0 h1:TToQNkvGguu209puTojY/ozlqy2d/SFNcoLIqTFi42g=
github.com/aws/aws-sdk-go-v2/service/internal/accept-encoding v1.12.0/go.mod h1:0jp+ltwkf+SwG2fm/PKo8t4y8pJSgOCO4D8Lz3k0aHQ=
github.com/aws/aws-sdk-go-v2/service/internal/checksum v1.4.0 h1:FQNWhRuSq8QwW74GtU0MrveNhZbqvHsA4dkA9w8fTDQ=
github.com/aws/aws-sdk-go-v2/service/internal/checksum v1.4.0/go.mod h1:j/zZ3zmWfGCK91K73YsfHP53BSTLSjL/y6YN39XbBLM=
github.com/aws/aws-sdk-go-v2/service/internal/endpoint-discovery v1.9.19 h1:dOxqOlOEa2e2heC/74+ZzcJOa27+F1aXFZpYgY/4QfA=
github.com/aws/aws-sdk-go-v2/service/internal/endpoint-discovery v1.9.19/go.mod h1:aV6U1beLFvk3qAgognjS3wnGGoDId8hlPEiBsLHXVZE=
github.com/aws/aws-sdk-go-v2/service/internal/presigned-url v1.12.0 h1:AdbiDUgQZmM28rDIZbiSwFxz8+3B94aOXxzs6oH+EA0=
github.com/aws/aws-sdk-go-v2/service/internal/presigned-url v1.12.0/go.mod h1:uV476Bd80tiDTX4X2redMtagQUg65aU/gzPojSJ4kSI=
github.com/aws/aws-sdk-go-v2/service/internal/s3shared v1.18.0 h1:1NKXS8XfhMM0bg5wVYa/eOH8AM2f6JijugbKEyQFTIg=
github.com/aws/aws-sdk-go-v2/service/internal/s3shared v1.18.0/go.mod h1:ph931DUfVfgrhZR7py9olSvHCiRpvaGxNvlWBcXxFds=
github.com/aws/aws-sdk-go-v2/service/s3 v1.65.0 h1:2dSm7frMrw2tdJ0QvyccQNJyPGaP24dyDgZ6h1QJMGU=
github.com/aws/aws-sdk-go-v2/service/s3 v1.65.0/go.mod h1:4XSVpw66upN8wND3JZA29eXl2NOZvfFVq7DIP6xvfuQ=
github.com/aws/aws-sdk-go-v2/service/sso v1.23.4 h1:ck/Y8XWNR1gHa4BFkwE3oSu7XDJGwl+8TI7E/RB2EcQ=
github.com/aws/aws-sdk-go-v2/service/sso v1.23.4/go.mod h1:XRlMvmad0ZNL+75C5FYdMvbbLkd6qiqz6foR1nA1PXY=
github.com/aws/aws-sdk-go-v2/service/ssooidc v1.27.4 h1:4f2/JKYZHAZbQ7koBpZ012bKi32NHPY0m7TDuJgsbug=
github.com/aws/aws-sdk-go-v2/service/ssooidc v1.27.4/go.mod h1:FnvDM4sfa+isJ3kDXIzAB9GAwVSzFzSy97uZ3IsHo4E=
github.com/aws/aws-sdk-go-v2/service/sts v1.31.4 h1:uK6dUUdJtqutK1XO/tmNaQMJiPLCJY/eAeOOmqQ6ygY=
github.com/aws/aws-sdk-go-v2/service/sts v1.31.4/go.mod h1:yMWe0F+XG0DkRZK5ODZhG7BEFYhLXi2dqGsv6tX0cgI=
github.com/aws/smithy-go v1.22.0 h1:uunKnWlcoL3zO7q+gG2Pk53joueEOsnNB28QdMsmiMM=
github.com/aws/smithy-go v1.22.0/go.mod h1:irrKGvNn1InZwb2d7fkIRNucdfwR8R+Ts3wxYa/cJHg=
github.com/davecgh/go-spew v1.1.0/go.mod h1:J7Y8YcW2NihsgmVo/mv3lAwl/skON4iLHjSsI+c5H38=
github.com/davecgh/go-spew v1.1.1 h1:vj9j/u1bqnvCEfJOwUhtlOARqs3+rkHYY13jYWTU97c=
github.com/davecgh/go-spew v1.1.1/go.mod h1:J7Y8YcW2NihsgmVo/mv3lAwl/skON4iLHjSsI+c5H38=
github.com/fatih/color v1.16.0 h1:zmkK9Ngbjj+K0yRhTVONQh1p/HknKYSlNT+vZCzyokM=
github.com/fatih/color v1.16.0/go.mod h1:fL2Sau1YI5c0pdGEVCbKQbLXB6edEj1ZgiY4NijnWvE=
github.com/google/go-cmp v0.5.2/go.mod h1:v8dTdLbMG2kIc/vJvl+f65V22dbkXbowE6jgT/gNBxE=
github.com/google/go-cmp v0.5.9 h1:O2Tfq5qg4qc4AmwVlvv0oLiVAGB7enBSJ2x2DqQFi38=
github.com/google/go-cmp v0.5.9/go.mod h1:17dUlkBOakJ0+DkrSSNjCkIjxS6bF9zb3elmeNGIjoY=
github.com/google/go-querystring v1.1.0 h1:AnCroh3fv4ZBgVIf1Iwtovgjaw/GiKJo8M8yD/fhyJ8=
github.com/google/go-querystring v1.1.0/go.mod h1:Kcdr2DB4koayq7X8pmAG4sNG59So17icRSOU623lUBU=
github.com/google/jsonapi v1.0.0 h1:qIGgO5Smu3yJmSs+QlvhQnrscdZfFhiV6S8ryJAglqU=
github.com/google/jsonapi v1.0.0/go.mod h1:YYHiRPJT8ARXGER8In9VuLv4qvLfDmA9ULQqptbLE4s=
github.com/hashicorp/go-cleanhttp v0.5.2 h1:035FKYIWjmULyFRBKPs8TBQoi0x6d9G4xc9neXJWAZQ=
github.com/hashicorp/go-cleanhttp v0.5.2/go.mod h1:kO/YDlP8L1346E6Sodw+PrpBSV4/SoxCXGY6BqNFT48=
github.com/hashicorp/go-hclog v1.6.3 h1:Qr2kF+eVWjTiYmU7Y31tYlP1h0q/X3Nl3tPGdaB11/k=
github.com/hashicorp/go-hclog v1.6.3/go.mod h1:W4Qnvbt70Wk/zYJryRzDRU/4r0kIg0PVHBcfoyhpF5M=
github.com/hashicorp/go-retryablehttp v0.7.7 h1:C8hUCYzor8PIfXHa4UrZkU4VvK8o9ISHxT2Q8+VepXU=
github.com/hashicorp/go-retryablehttp v0.7.7/go.mod h1:pkQpWZeYWskR+D1tR2O5OcBFOxfA7DoAO6xtkuQnHTk=
github.com/hashicorp/go-slug v0.16.0 h1:S/ko9fms1gf6305ktJNUKGxFmscZ+yWvAtsas0SYUyA=
github.com/hashicorp/go-slug v0.16.0/go.mod h1:THWVTAXwJEinbsp4/bBRcmbaO5EYNLTqxbG4tZ3gCYQ=
github.com/hashicorp/go-tfe v1.68.0 h1:Z28AZbx2pAHTv2IG9A4TIWE5gWEfW254DabBYENiqkk=
github.com/hashicorp/go-tfe v1.68.0/go.mod h1:2rOcdTxXwbWm0W7dCKjC3Ec8KQ+HhW165GiurXNshc4=
github.com/hashicorp/go-uuid v1.0.3 h1:2gKiV6YVmrJ1i2CKKa9obLvRieoRGviZFL26PcT/Co8=
github.com/hashicorp/go-uuid v1.0.3/go.mod h1:6SBZvOh/SIDV7/2o3Jml5SYk/TvGqwFJ/bN7x4byOro=
github.com/hashicorp/go-version v1.7.0 h1:5tqGy27NaOTB8yJKUZELlFAS/LTKJkrmONwQKeRZfjY=
github.com/hashicorp/go-version v1.7.0/go.mod h1:fltr4n8CU8Ke44wwGCBoEymUuxUHl09ZGVZPK5anwXA=
github.com/hashicorp/jsonapi v1.3.1 h1:GtPvnmcWgYwCuDGvYT5VZBHcUyFdq9lSyCzDjn1DdPo=
github.com/hashicorp/jsonapi v1.3.1/go.mod h1:kWfdn49yCjQvbpnvY1dxxAuAFzISwrrMDQOcu6NsFoM=
github.com/jmespath/go-jmespath v0.4.0 h1:BEgLn5cpjn8UN1mAw4NjwDrS35OdebyEtFe+9YPoQUg=
github.com/jmespath/go-jmespath v0.4.0/go.mod h1:T8mJZnbsbmF+m6zOOFylbeCJqk5+pHWvzYPziyZiYoo=
github.com/jmespath/go-jmespath/internal/testify v1.5.1 h1:shLQSRRSCCPj3f2gpwzGwWFoC7ycTf1rcQZHOlsJ6N8=
github.com/jmespath/go-jmespath/internal/testify v1.5.1/go.mod h1:L3OGu8Wl2/fWfCI6z80xFu9LTZmf1ZRjMHUOPmWr69U=
github.com/mattn/go-colorable v0.1.13 h1:fFA4WZxdEF4tXPZVKMLwD8oUnCTTo08duU7wxecdEvA=
github.com/mattn/go-colorable v0.1.13/go.mod h1:7S9/ev0klgBDR4GtXTXX8a3vIGJpMovkB8vQcUbaXHg=
github.com/mattn/go-isatty v0.0.20 h1:xfD0iDuEKnDkl03q4limB+vH+GxLEtL/jb4xVJSWWEY=
github.com/mattn/go-isatty v0.0.20/go.mod h1:W+V8PltTTMOvKvAeJH7IuucS94S2C6jfK/D7dTCTo3Y=
github.com/pmezard/go-difflib v1.0.0 h1:4DBwDE0NGyQoBHbLQYPwSUPoCMWR5BEzIk/f1lZbAQM=
github.com/pmezard/go-difflib v1.0.0/go.mod h1:iKH77koFhYxTK1pcRnkKkqfTogsbg7gZNVY4sRDYZ/4=
github.com/rs/xid v1.6.0 h1:fV591PaemRlL6JfRxGDEPl69wICngIQ3shQtzfy2gxU=
github.com/rs/xid v1.6.0/go.mod h1:7XoLgs4eV+QndskICGsho+ADou8ySMSjJKDIan90Nz0=
github.com/stretchr/objx v0.1.0/go.mod h1:HFkY916IF+rwdDfMAkV7OtwuqBVzrE8GR6GFx+wExME=
github.com/stretchr/testify v1.9.0 h1:HtqpIVDClZ4nwg75+f6Lvsy/wHu+3BoSGCbBAcpTsTg=
github.com/stretchr/testify v1.9.0/go.mod h1:r2ic/lqez/lEtzL7wO/rwa5dbSLXVDPFyf8C91i36aY=
golang.org/x/sync v0.8.0 h1:3NFvSEYkUoMifnESzZl15y791HH1qU2xm6eCJU5ZPXQ=
golang.org/x/sync v0.8.0/go.mod h1:Czt+wKu1gCyEFDUtn0jG5QVvpJ6rzVqr5aXyt9drQfk=
golang.org/x/sys v0.25.0 h1:r+8e+loiHxRqhXVl6ML1nO3l1+oFoWbnlu2Ehimmi34=
golang.org/x/sys v0.25.0/go.mod h1:/VUhepiaJMQUp4+oa/7Zr1D23ma6VTLIYjOOTFZPUcA=
golang.org/x/time v0.6.0 h1:eTDhh4ZXt5Qf0augr54TN6suAUudPcawVZeIAPU7D4U=
golang.org/x/time v0.6.0/go.mod h1:3BpzKBy/shNhVucY/MWOyx10tF3SFh9QdLuxbVysPQM=
golang.org/x/xerrors v0.0.0-20191204190536-9bdfabe68543/go.mod h1:I/5z698sn9Ka8TeJc9MKroUUfqBBauWjQqLJ2OPfmY0=
gopkg.in/check.v1 v0.0.0-20161208181325-20d25e280405/go.mod h1:Co6ibVJAznAaIkqp8huTwlJQCZ016jof/cbN4VW5Yz0=
gopkg.in/yaml.v2 v2.2.8 h1:obN1ZagJSUGI0Ek/LBmuj4SNLPfIny3KsKFopxRdj10=
gopkg.in/yaml.v2 v2.2.8/go.mod h1:hI93XBmqTisBFMUTm0b8Fm+jr3Dg1NNxqwp+5A1VGuI=
gopkg.in/yaml.v3 v3.0.1 h1:fxVm/GzAzEWqLHuvctI91KS9hhNmmWOoWu0XTYJS7CA=
gopkg.in/yaml.v3 v3.0.1/go.mod h1:K4uyk7z7BCEPqu6E+C64Yfv1cQ7kz7rIZviUmN+EgEM=
